
Microsoft Visual Studio Solution File, Format Version 12.00
# Visual Studio Version 16
VisualStudioVersion = 16.0.29326.143
MinimumVisualStudioVersion = 10.0.40219.1
Project("{FAE04EC0-301F-11D3-BF4B-00C04F79EFBC}") = "Google", "Google\Google.csproj", "{FAD33916-8634-44E4-9ADD-8E035295530C}"
EndProject
Global
	GlobalSection(SolutionConfigurationPlatforms) = preSolution
		Debug|Any CPU = Debug|Any CPU
		Release|Any CPU = Release|Any CPU
	EndGlobalSection
	GlobalSection(ProjectConfigurationPlatforms) = postSolution
		{FAD33916-8634-44E4-9ADD-8E035295530C}.Debug|Any CPU.ActiveCfg = Debug|Any CPU
		{FAD33916-8634-44E4-9ADD-8E035295530C}.Debug|Any CPU.Build.0 = Debug|Any CPU
		{FAD33916-8634-44E4-9ADD-8E035295530C}.Release|Any CPU.ActiveCfg = Release|Any CPU
		{FAD33916-8634-44E4-9ADD-8E035295530C}.Release|Any CPU.Build.0 = Release|Any CPU
	EndGlobalSection
	GlobalSection(SolutionProperties) = preSolution
		HideSolutionNode = FALSE
	EndGlobalSection
	GlobalSection(ExtensibilityGlobals) = postSolution
		SolutionGuid = {B0C9BE46-94BF-45A7-8086-E0B284258754}
	EndGlobalSection
EndGlobal
