
Microsoft Visual Studio Solution File, Format Version 12.00
# Visual Studio Version 16
VisualStudioVersion = 16.0.29326.143
MinimumVisualStudioVersion = 10.0.40219.1
Project("{FAE04EC0-301F-11D3-BF4B-00C04F79EFBC}") = "ABLAPI", "ABLAPI\ABLAPI.csproj", "{ED746A09-BF14-4B13-820D-47DC59192C17}"
EndProject
Global
	GlobalSection(SolutionConfigurationPlatforms) = preSolution
		Debug|Any CPU = Debug|Any CPU
		Release|Any CPU = Release|Any CPU
	EndGlobalSection
	GlobalSection(ProjectConfigurationPlatforms) = postSolution
		{ED746A09-BF14-4B13-820D-47DC59192C17}.Debug|Any CPU.ActiveCfg = Debug|Any CPU
		{ED746A09-BF14-4B13-820D-47DC59192C17}.Debug|Any CPU.Build.0 = Debug|Any CPU
		{ED746A09-BF14-4B13-820D-47DC59192C17}.Release|Any CPU.ActiveCfg = Release|Any CPU
		{ED746A09-BF14-4B13-820D-47DC59192C17}.Release|Any CPU.Build.0 = Release|Any CPU
	EndGlobalSection
	GlobalSection(SolutionProperties) = preSolution
		HideSolutionNode = FALSE
	EndGlobalSection
	GlobalSection(ExtensibilityGlobals) = postSolution
		SolutionGuid = {5ECA23B3-E914-4A60-9939-968D5EDBD2BA}
	EndGlobalSection
EndGlobal
